
Microsoft Visual Studio Solution File, Format Version 12.00
# Visual Studio Version 17
VisualStudioVersion = 17.11.35208.52
MinimumVisualStudioVersion = 10.0.40219.1
Project("{FAE04EC0-301F-11D3-BF4B-00C04F79EFBC}") = "WebBEArtGallery", "WebBEArtGallery.csproj", "{FE207C00-5E59-49EA-B0C4-EA315EA9AD44}"
EndProject
Project("{2150E333-8FDC-42A3-9474-1A3956D46DE8}") = "Solution Items", "Solution Items", "{3856490B-8C6A-455C-912E-BF3FF850361A}"
	ProjectSection(SolutionItems) = preProject
		README.md = README.md
	EndProjectSection
EndProject
Global
	GlobalSection(SolutionConfigurationPlatforms) = preSolution
		Debug|Any CPU = Debug|Any CPU
		Release|Any CPU = Release|Any CPU
	EndGlobalSection
	GlobalSection(ProjectConfigurationPlatforms) = postSolution
		{FE207C00-5E59-49EA-B0C4-EA315EA9AD44}.Debug|Any CPU.ActiveCfg = Debug|Any CPU
		{FE207C00-5E59-49EA-B0C4-EA315EA9AD44}.Debug|Any CPU.Build.0 = Debug|Any CPU
		{FE207C00-5E59-49EA-B0C4-EA315EA9AD44}.Release|Any CPU.ActiveCfg = Release|Any CPU
		{FE207C00-5E59-49EA-B0C4-EA315EA9AD44}.Release|Any CPU.Build.0 = Release|Any CPU
	EndGlobalSection
	GlobalSection(SolutionProperties) = preSolution
		HideSolutionNode = FALSE
	EndGlobalSection
	GlobalSection(ExtensibilityGlobals) = postSolution
		SolutionGuid = {19A09677-9E14-4015-9F63-2C162EE89B55}
	EndGlobalSection
EndGlobal
